
Microsoft Visual Studio Solution File, Format Version 12.00
# Visual Studio 14
VisualStudioVersion = 14.0.25420.1
MinimumVisualStudioVersion = 10.0.40219.1
Project("{8BC9CEB8-8B4A-11D0-8D11-00A0C91BC942}") = "images_as_functions", "images_as_functions\images_as_functions.vcxproj", "{FB25C9BE-54A9-4133-8453-86CF2D1FF127}"
EndProject
Project("{8BC9CEB8-8B4A-11D0-8D11-00A0C91BC942}") = "Filtering", "Filtering\Filtering.vcxproj", "{43482538-4304-4EB0-A21F-D6CE15190E02}"
EndProject
Project("{8BC9CEB8-8B4A-11D0-8D11-00A0C91BC942}") = "filter_as_template", "filter_as_template\filter_as_template.vcxproj", "{5DD27567-6458-464D-8A22-4E45FC25F72E}"
EndProject
Project("{8BC9CEB8-8B4A-11D0-8D11-00A0C91BC942}") = "Edge_detection", "Edge_detection\Edge_detection.vcxproj", "{E114CB34-2502-4928-8CB8-EE12EB17AA60}"
EndProject
Project("{8BC9CEB8-8B4A-11D0-8D11-00A0C91BC942}") = "Hough_Transform_Line", "Hough_Transform_Line\Hough_Transform_Line.vcxproj", "{5A2A5BCC-2186-4C3E-B023-36B9A0734C62}"
EndProject
Project("{8BC9CEB8-8B4A-11D0-8D11-00A0C91BC942}") = "HoughTransformCircle", "HoughTransformCircle\HoughTransformCircle.vcxproj", "{31D9DFEF-5458-4631-8360-8B5E3366FD2E}"
EndProject
Global
	GlobalSection(SolutionConfigurationPlatforms) = preSolution
		Debug|x64 = Debug|x64
		Debug|x86 = Debug|x86
		Release|x64 = Release|x64
		Release|x86 = Release|x86
	EndGlobalSection
	GlobalSection(ProjectConfigurationPlatforms) = postSolution
		{FB25C9BE-54A9-4133-8453-86CF2D1FF127}.Debug|x64.ActiveCfg = Debug|x64
		{FB25C9BE-54A9-4133-8453-86CF2D1FF127}.Debug|x64.Build.0 = Debug|x64
		{FB25C9BE-54A9-4133-8453-86CF2D1FF127}.Debug|x86.ActiveCfg = Debug|Win32
		{FB25C9BE-54A9-4133-8453-86CF2D1FF127}.Debug|x86.Build.0 = Debug|Win32
		{FB25C9BE-54A9-4133-8453-86CF2D1FF127}.Release|x64.ActiveCfg = Release|x64
		{FB25C9BE-54A9-4133-8453-86CF2D1FF127}.Release|x64.Build.0 = Release|x64
		{FB25C9BE-54A9-4133-8453-86CF2D1FF127}.Release|x86.ActiveCfg = Release|Win32
		{FB25C9BE-54A9-4133-8453-86CF2D1FF127}.Release|x86.Build.0 = Release|Win32
		{43482538-4304-4EB0-A21F-D6CE15190E02}.Debug|x64.ActiveCfg = Debug|x64
		{43482538-4304-4EB0-A21F-D6CE15190E02}.Debug|x64.Build.0 = Debug|x64
		{43482538-4304-4EB0-A21F-D6CE15190E02}.Debug|x86.ActiveCfg = Debug|Win32
		{43482538-4304-4EB0-A21F-D6CE15190E02}.Debug|x86.Build.0 = Debug|Win32
		{43482538-4304-4EB0-A21F-D6CE15190E02}.Release|x64.ActiveCfg = Release|x64
		{43482538-4304-4EB0-A21F-D6CE15190E02}.Release|x64.Build.0 = Release|x64
		{43482538-4304-4EB0-A21F-D6CE15190E02}.Release|x86.ActiveCfg = Release|Win32
		{43482538-4304-4EB0-A21F-D6CE15190E02}.Release|x86.Build.0 = Release|Win32
		{5DD27567-6458-464D-8A22-4E45FC25F72E}.Debug|x64.ActiveCfg = Debug|x64
		{5DD27567-6458-464D-8A22-4E45FC25F72E}.Debug|x64.Build.0 = Debug|x64
		{5DD27567-6458-464D-8A22-4E45FC25F72E}.Debug|x86.ActiveCfg = Debug|Win32
		{5DD27567-6458-464D-8A22-4E45FC25F72E}.Debug|x86.Build.0 = Debug|Win32
		{5DD27567-6458-464D-8A22-4E45FC25F72E}.Release|x64.ActiveCfg = Release|x64
		{5DD27567-6458-464D-8A22-4E45FC25F72E}.Release|x64.Build.0 = Release|x64
		{5DD27567-6458-464D-8A22-4E45FC25F72E}.Release|x86.ActiveCfg = Release|Win32
		{5DD27567-6458-464D-8A22-4E45FC25F72E}.Release|x86.Build.0 = Release|Win32
		{E114CB34-2502-4928-8CB8-EE12EB17AA60}.Debug|x64.ActiveCfg = Debug|x64
		{E114CB34-2502-4928-8CB8-EE12EB17AA60}.Debug|x64.Build.0 = Debug|x64
		{E114CB34-2502-4928-8CB8-EE12EB17AA60}.Debug|x86.ActiveCfg = Debug|Win32
		{E114CB34-2502-4928-8CB8-EE12EB17AA60}.Debug|x86.Build.0 = Debug|Win32
		{E114CB34-2502-4928-8CB8-EE12EB17AA60}.Release|x64.ActiveCfg = Release|x64
		{E114CB34-2502-4928-8CB8-EE12EB17AA60}.Release|x64.Build.0 = Release|x64
		{E114CB34-2502-4928-8CB8-EE12EB17AA60}.Release|x86.ActiveCfg = Release|Win32
		{E114CB34-2502-4928-8CB8-EE12EB17AA60}.Release|x86.Build.0 = Release|Win32
		{5A2A5BCC-2186-4C3E-B023-36B9A0734C62}.Debug|x64.ActiveCfg = Debug|x64
		{5A2A5BCC-2186-4C3E-B023-36B9A0734C62}.Debug|x64.Build.0 = Debug|x64
		{5A2A5BCC-2186-4C3E-B023-36B9A0734C62}.Debug|x86.ActiveCfg = Debug|Win32
		{5A2A5BCC-2186-4C3E-B023-36B9A0734C62}.Debug|x86.Build.0 = Debug|Win32
		{5A2A5BCC-2186-4C3E-B023-36B9A0734C62}.Release|x64.ActiveCfg = Release|x64
		{5A2A5BCC-2186-4C3E-B023-36B9A0734C62}.Release|x64.Build.0 = Release|x64
		{5A2A5BCC-2186-4C3E-B023-36B9A0734C62}.Release|x86.ActiveCfg = Release|Win32
		{5A2A5BCC-2186-4C3E-B023-36B9A0734C62}.Release|x86.Build.0 = Release|Win32
		{31D9DFEF-5458-4631-8360-8B5E3366FD2E}.Debug|x64.ActiveCfg = Debug|x64
		{31D9DFEF-5458-4631-8360-8B5E3366FD2E}.Debug|x64.Build.0 = Debug|x64
		{31D9DFEF-5458-4631-8360-8B5E3366FD2E}.Debug|x86.ActiveCfg = Debug|Win32
		{31D9DFEF-5458-4631-8360-8B5E3366FD2E}.Debug|x86.Build.0 = Debug|Win32
		{31D9DFEF-5458-4631-8360-8B5E3366FD2E}.Release|x64.ActiveCfg = Release|x64
		{31D9DFEF-5458-4631-8360-8B5E3366FD2E}.Release|x64.Build.0 = Release|x64
		{31D9DFEF-5458-4631-8360-8B5E3366FD2E}.Release|x86.ActiveCfg = Release|Win32
		{31D9DFEF-5458-4631-8360-8B5E3366FD2E}.Release|x86.Build.0 = Release|Win32
	EndGlobalSection
	GlobalSection(SolutionProperties) = preSolution
		HideSolutionNode = FALSE
	EndGlobalSection
EndGlobal
